// !$*UTF8*$!
{
	archiveVersion = 1;
	classes = {
	};
	objectVersion = 46;
	objects = {

/* Begin PBXBuildFile section */
		8F270D801C780D8000131FB4 /* main.m in Sources */ = {isa = PBXBuildFile; fileRef = 8F270D7F1C780D8000131FB4 /* main.m */; };
		8F270D831C780D8000131FB4 /* AppDelegate.m in Sources */ = {isa = PBXBuildFile; fileRef = 8F270D821C780D8000131FB4 /* AppDelegate.m */; };
		8F270D861C780D8000131FB4 /* ViewController.m in Sources */ = {isa = PBXBuildFile; fileRef = 8F270D851C780D8000131FB4 /* ViewController.m */; };
		8F270D891C780D8000131FB4 /* Main.storyboard in Resources */ = {isa = PBXBuildFile; fileRef = 8F270D871C780D8000131FB4 /* Main.storyboard */; };
		8F270D8B1C780D8000131FB4 /* Assets.xcassets in Resources */ = {isa = PBXBuildFile; fileRef = 8F270D8A1C780D8000131FB4 /* Assets.xcassets */; };
		8F270D8E1C780D8000131FB4 /* LaunchScreen.storyboard in Resources */ = {isa = PBXBuildFile; fileRef = 8F270D8C1C780D8000131FB4 /* LaunchScreen.storyboard */; };
		8F270D991C78106500131FB4 /* HRNDNSConfigurator.m in Sources */ = {isa = PBXBuildFile; fileRef = 8F270D981C78106500131FB4 /* HRNDNSConfigurator.m */; };
		8F807A811C7810A1002D7C37 /* HRNURLProtocol.m in Sources */ = {isa = PBXBuildFile; fileRef = 8F807A801C7810A1002D7C37 /* HRNURLProtocol.m */; };
		CC126680E895FD2CBE68A227 /* libPods.a in Frameworks */ = {isa = PBXBuildFile; fileRef = DB266E31F8D4C6E8948C0C7F /* libPods.a */; };
/* End PBXBuildFile section */

/* Begin PBXFileReference section */
		66E7D5D3A8041DFF1A3651FA /* Pods.debug.xcconfig */ = {isa = PBXFileReference; includeInIndex = 1; lastKnownFileType = text.xcconfig; name = Pods.debug.xcconfig; path = "Pods/Target Support Files/Pods/Pods.debug.xcconfig"; sourceTree = "<group>"; };
		6FA71EBEDD179CCB5AA3AD5A /* Pods.release.xcconfig */ = {isa = PBXFileReference; includeInIndex = 1; lastKnownFileType = text.xcconfig; name = Pods.release.xcconfig; path = "Pods/Target Support Files/Pods/Pods.release.xcconfig"; sourceTree = "<group>"; };
		8F270D7B1C780D8000131FB4 /* DNSAntiSpoofingExample.app */ = {isa = PBXFileReference; explicitFileType = wrapper.application; includeInIndex = 0; path = DNSAntiSpoofingExample.app; sourceTree = BUILT_PRODUCTS_DIR; };
		8F270D7F1C780D8000131FB4 /* main.m */ = {isa = PBXFileReference; lastKnownFileType = sourcecode.c.objc; path = main.m; sourceTree = "<group>"; };
		8F270D811C780D8000131FB4 /* AppDelegate.h */ = {isa = PBXFileReference; lastKnownFileType = sourcecode.c.h; path = AppDelegate.h; sourceTree = "<group>"; };
		8F270D821C780D8000131FB4 /* AppDelegate.m */ = {isa = PBXFileReference; lastKnownFileType = sourcecode.c.objc; path = AppDelegate.m; sourceTree = "<group>"; };
		8F270D841C780D8000131FB4 /* ViewController.h */ = {isa = PBXFileReference; lastKnownFileType = sourcecode.c.h; path = ViewController.h; sourceTree = "<group>"; };
		8F270D851C780D8000131FB4 /* ViewController.m */ = {isa = PBXFileReference; lastKnownFileType = sourcecode.c.objc; path = ViewController.m; sourceTree = "<group>"; };
		8F270D881C780D8000131FB4 /* Base */ = {isa = PBXFileReference; lastKnownFileType = file.storyboard; name = Base; path = Base.lproj/Main.storyboard; sourceTree = "<group>"; };
		8F270D8A1C780D8000131FB4 /* Assets.xcassets */ = {isa = PBXFileReference; lastKnownFileType = folder.assetcatalog; path = Assets.xcassets; sourceTree = "<group>"; };
		8F270D8D1C780D8000131FB4 /* Base */ = {isa = PBXFileReference; lastKnownFileType = file.storyboard; name = Base; path = Base.lproj/LaunchScreen.storyboard; sourceTree = "<group>"; };
		8F270D8F1C780D8000131FB4 /* Info.plist */ = {isa = PBXFileReference; lastKnownFileType = text.plist.xml; path = Info.plist; sourceTree = "<group>"; };
		8F270D951C780F6E00131FB4 /* DNSAntiSpoofingExample.pch */ = {isa = PBXFileReference; lastKnownFileType = sourcecode.c.h; path = DNSAntiSpoofingExample.pch; sourceTree = "<group>"; };
		8F270D971C78106500131FB4 /* HRNDNSConfigurator.h */ = {isa = PBXFileReference; fileEncoding = 4; lastKnownFileType = sourcecode.c.h; path = HRNDNSConfigurator.h; sourceTree = "<group>"; };
		8F270D981C78106500131FB4 /* HRNDNSConfigurator.m */ = {isa = PBXFileReference; fileEncoding = 4; lastKnownFileType = sourcecode.c.objc; path = HRNDNSConfigurator.m; sourceTree = "<group>"; };
		8F807A7F1C7810A1002D7C37 /* HRNURLProtocol.h */ = {isa = PBXFileReference; fileEncoding = 4; lastKnownFileType = sourcecode.c.h; path = HRNURLProtocol.h; sourceTree = "<group>"; };
		8F807A801C7810A1002D7C37 /* HRNURLProtocol.m */ = {isa = PBXFileReference; fileEncoding = 4; lastKnownFileType = sourcecode.c.objc; path = HRNURLProtocol.m; sourceTree = "<group>"; };
		DB266E31F8D4C6E8948C0C7F /* libPods.a */ = {isa = PBXFileReference; explicitFileType = archive.ar; includeInIndex = 0; path = libPods.a; sourceTree = BUILT_PRODUCTS_DIR; };
/* End PBXFileReference section */

/* Begin PBXFrameworksBuildPhase section */
		8F270D781C780D8000131FB4 /* Frameworks */ = {
			isa = PBXFrameworksBuildPhase;
			buildActionMask = 2147483647;
			files = (
				CC126680E895FD2CBE68A227 /* libPods.a in Frameworks */,
			);
			runOnlyForDeploymentPostprocessing = 0;
		};
/* End PBXFrameworksBuildPhase section */

/* Begin PBXGroup section */
		5D090CEFF7E862A60AE217CA /* Frameworks */ = {
			isa = PBXGroup;
			children = (
				DB266E31F8D4C6E8948C0C7F /* libPods.a */,
			);
			name = Frameworks;
			sourceTree = "<group>";
		};
		8E48176D42C2EEE535B2C767 /* Pods */ = {
			isa = PBXGroup;
			children = (
				66E7D5D3A8041DFF1A3651FA /* Pods.debug.xcconfig */,
				6FA71EBEDD179CCB5AA3AD5A /* Pods.release.xcconfig */,
			);
			name = Pods;
			sourceTree = "<group>";
		};
		8F270D721C780D8000131FB4 = {
			isa = PBXGroup;
			children = (
				8F270D7D1C780D8000131FB4 /* DNSAntiSpoofingExample */,
				8F270D7C1C780D8000131FB4 /* Products */,
				8E48176D42C2EEE535B2C767 /* Pods */,
				5D090CEFF7E862A60AE217CA /* Frameworks */,
			);
			sourceTree = "<group>";
		};
		8F270D7C1C780D8000131FB4 /* Products */ = {
			isa = PBXGroup;
			children = (
				8F270D7B1C780D8000131FB4 /* DNSAntiSpoofingExample.app */,
			);
			name = Products;
			sourceTree = "<group>";
		};
		8F270D7D1C780D8000131FB4 /* DNSAntiSpoofingExample */ = {
			isa = PBXGroup;
			children = (
				8F270D811C780D8000131FB4 /* AppDelegate.h */,
				8F270D821C780D8000131FB4 /* AppDelegate.m */,
				8F270D971C78106500131FB4 /* HRNDNSConfigurator.h */,
				8F270D981C78106500131FB4 /* HRNDNSConfigurator.m */,
				8F807A7F1C7810A1002D7C37 /* HRNURLProtocol.h */,
				8F807A801C7810A1002D7C37 /* HRNURLProtocol.m */,
				8F270D841C780D8000131FB4 /* ViewController.h */,
				8F270D851C780D8000131FB4 /* ViewController.m */,
				8F270D871C780D8000131FB4 /* Main.storyboard */,
				8F270D8A1C780D8000131FB4 /* Assets.xcassets */,
				8F270D8C1C780D8000131FB4 /* LaunchScreen.storyboard */,
				8F270D8F1C780D8000131FB4 /* Info.plist */,
				8F270D7E1C780D8000131FB4 /* Supporting Files */,
				8F270D951C780F6E00131FB4 /* DNSAntiSpoofingExample.pch */,
			);
			path = DNSAntiSpoofingExample;
			sourceTree = "<group>";
		};
		8F270D7E1C780D8000131FB4 /* Supporting Files */ = {
			isa = PBXGroup;
			children = (
				8F270D7F1C780D8000131FB4 /* main.m */,
			);
			name = "Supporting Files";
			sourceTree = "<group>";
		};
/* End PBXGroup section */

/* Begin PBXNativeTarget section */
		8F270D7A1C780D8000131FB4 /* DNSAntiSpoofingExample */ = {
			isa = PBXNativeTarget;
			buildConfigurationList = 8F270D921C780D8000131FB4 /* Build configuration list for PBXNativeTarget "DNSAntiSpoofingExample" */;
			buildPhases = (
				B6F83F5DD88B8D2172351F87 /* Check Pods Manifest.lock */,
				8F270D771C780D8000131FB4 /* Sources */,
				8F270D781C780D8000131FB4 /* Frameworks */,
				8F270D791C780D8000131FB4 /* Resources */,
				BC09FCF84FB87CBE8C2889CE /* Embed Pods Frameworks */,
				92E358072D5155042E05BF85 /* Copy Pods Resources */,
			);
			buildRules = (
			);
			dependencies = (
			);
			name = DNSAntiSpoofingExample;
			productName = DNSAntiSpoofingExample;
			productReference = 8F270D7B1C780D8000131FB4 /* DNSAntiSpoofingExample.app */;
			productType = "com.apple.product-type.application";
		};
/* End PBXNativeTarget section */

/* Begin PBXProject section */
		8F270D731C780D8000131FB4 /* Project object */ = {
			isa = PBXProject;
			attributes = {
				LastUpgradeCheck = 0720;
				ORGANIZATIONNAME = "Her0n Labs";
				TargetAttributes = {
					8F270D7A1C780D8000131FB4 = {
						CreatedOnToolsVersion = 7.2.1;
					};
				};
			};
			buildConfigurationList = 8F270D761C780D8000131FB4 /* Build configuration list for PBXProject "DNSAntiSpoofingExample" */;
			compatibilityVersion = "Xcode 3.2";
			developmentRegion = English;
			hasScannedForEncodings = 0;
			knownRegions = (
				en,
				Base,
			);
			mainGroup = 8F270D721C780D8000131FB4;
			productRefGroup = 8F270D7C1C780D8000131FB4 /* Products */;
			projectDirPath = "";
			projectRoot = "";
			targets = (
				8F270D7A1C780D8000131FB4 /* DNSAntiSpoofingExample */,
			);
		};
/* End PBXProject section */

/* Begin PBXResourcesBuildPhase section */
		8F270D791C780D8000131FB4 /* Resources */ = {
			isa = PBXResourcesBuildPhase;
			buildActionMask = 2147483647;
			files = (
				8F270D8E1C780D8000131FB4 /* LaunchScreen.storyboard in Resources */,
				8F270D8B1C780D8000131FB4 /* Assets.xcassets in Resources */,
				8F270D891C780D8000131FB4 /* Main.storyboard in Resources */,
			);
			runOnlyForDeploymentPostprocessing = 0;
		};
/* End PBXResourcesBuildPhase section */

/* Begin PBXShellScriptBuildPhase section */
		92E358072D5155042E05BF85 /* Copy Pods Resources */ = {
			isa = PBXShellScriptBuildPhase;
			buildActionMask = 2147483647;
			files = (
			);
			inputPaths = (
			);
			name = "Copy Pods Resources";
			outputPaths = (
			);
			runOnlyForDeploymentPostprocessing = 0;
			shellPath = /bin/sh;
			shellScript = "\"${SRCROOT}/Pods/Target Support Files/Pods/Pods-resources.sh\"\n";
			showEnvVarsInLog = 0;
		};
		B6F83F5DD88B8D2172351F87 /* Check Pods Manifest.lock */ = {
			isa = PBXShellScriptBuildPhase;
			buildActionMask = 2147483647;
			files = (
			);
			inputPaths = (
			);
			name = "Check Pods Manifest.lock";
			outputPaths = (
			);
			runOnlyForDeploymentPostprocessing = 0;
			shellPath = /bin/sh;
			shellScript = "diff \"${PODS_ROOT}/../Podfile.lock\" \"${PODS_ROOT}/Manifest.lock\" > /dev/null\nif [[ $? != 0 ]] ; then\n    cat << EOM\nerror: The sandbox is not in sync with the Podfile.lock. Run 'pod install' or update your CocoaPods installation.\nEOM\n    exit 1\nfi\n";
			showEnvVarsInLog = 0;
		};
		BC09FCF84FB87CBE8C2889CE /* Embed Pods Frameworks */ = {
			isa = PBXShellScriptBuildPhase;
			buildActionMask = 2147483647;
			files = (
			);
			inputPaths = (
			);
			name = "Embed Pods Frameworks";
			outputPaths = (
			);
			runOnlyForDeploymentPostprocessing = 0;
			shellPath = /bin/sh;
			shellScript = "\"${SRCROOT}/Pods/Target Support Files/Pods/Pods-frameworks.sh\"\n";
			showEnvVarsInLog = 0;
		};
/* End PBXShellScriptBuildPhase section */

/* Begin PBXSourcesBuildPhase section */
		8F270D771C780D8000131FB4 /* Sources */ = {
			isa = PBXSourcesBuildPhase;
			buildActionMask = 2147483647;
			files = (
				8F270D861C780D8000131FB4 /* ViewController.m in Sources */,
				8F270D831C780D8000131FB4 /* AppDelegate.m in Sources */,
				8F270D801C780D8000131FB4 /* main.m in Sources */,
				8F270D991C78106500131FB4 /* HRNDNSConfigurator.m in Sources */,
				8F807A811C7810A1002D7C37 /* HRNURLProtocol.m in Sources */,
			);
			runOnlyForDeploymentPostprocessing = 0;
		};
/* End PBXSourcesBuildPhase section */

/* Begin PBXVariantGroup section */
		8F270D871C780D8000131FB4 /* Main.storyboard */ = {
			isa = PBXVariantGroup;
			children = (
				8F270D881C780D8000131FB4 /* Base */,
			);
			name = Main.storyboard;
			sourceTree = "<group>";
		};
		8F270D8C1C780D8000131FB4 /* LaunchScreen.storyboard */ = {
			isa = PBXVariantGroup;
			children = (
				8F270D8D1C780D8000131FB4 /* Base */,
			);
			name = LaunchScreen.storyboard;
			sourceTree = "<group>";
		};
/* End PBXVariantGroup section */

/* Begin XCBuildConfiguration section */
		8F270D901C780D8000131FB4 /* Debug */ = {
			isa = XCBuildConfiguration;
			buildSettings = {
				ALWAYS_SEARCH_USER_PATHS = NO;
				CLANG_CXX_LANGUAGE_STANDARD = "gnu++0x";
				CLANG_CXX_LIBRARY = "libc++";
				CLANG_ENABLE_MODULES = YES;
				CLANG_ENABLE_OBJC_ARC = YES;
				CLANG_WARN_BOOL_CONVERSION = YES;
				CLANG_WARN_CONSTANT_CONVERSION = YES;
				CLANG_WARN_DIRECT_OBJC_ISA_USAGE = YES_ERROR;
				CLANG_WARN_EMPTY_BODY = YES;
				CLANG_WARN_ENUM_CONVERSION = YES;
				CLANG_WARN_INT_CONVERSION = YES;
				CLANG_WARN_OBJC_ROOT_CLASS = YES_ERROR;
				CLANG_WARN_UNREACHABLE_CODE = YES;
				CLANG_WARN__DUPLICATE_METHOD_MATCH = YES;
				"CODE_SIGN_IDENTITY[sdk=iphoneos*]" = "iPhone Developer";
				COPY_PHASE_STRIP = NO;
				DEBUG_INFORMATION_FORMAT = dwarf;
				ENABLE_STRICT_OBJC_MSGSEND = YES;
				ENABLE_TESTABILITY = YES;
				GCC_C_LANGUAGE_STANDARD = gnu99;
				GCC_DYNAMIC_NO_PIC = NO;
				GCC_NO_COMMON_BLOCKS = YES;
				GCC_OPTIMIZATION_LEVEL = 0;
				GCC_PREPROCESSOR_DEFINITIONS = (
					"DEBUG=1",
					"$(inherited)",
				);
				GCC_WARN_64_TO_32_BIT_CONVERSION = YES;
				GCC_WARN_ABOUT_RETURN_TYPE = YES_ERROR;
				GCC_WARN_UNDECLARED_SELECTOR = YES;
				GCC_WARN_UNINITIALIZED_AUTOS = YES_AGGRESSIVE;
				GCC_WARN_UNUSED_FUNCTION = YES;
				GCC_WARN_UNUSED_VARIABLE = YES;
				IPHONEOS_DEPLOYMENT_TARGET = 9.2;
				MTL_ENABLE_DEBUG_INFO = YES;
				ONLY_ACTIVE_ARCH = YES;
				SDKROOT = iphoneos;
			};
			name = Debug;
		};
		8F270D911C780D8000131FB4 /* Release */ = {
			isa = XCBuildConfiguration;
			buildSettings = {
				ALWAYS_SEARCH_USER_PATHS = NO;
				CLANG_CXX_LANGUAGE_STANDARD = "gnu++0x";
				CLANG_CXX_LIBRARY = "libc++";
				CLANG_ENABLE_MODULES = YES;
				CLANG_ENABLE_OBJC_ARC = YES;
				CLANG_WARN_BOOL_CONVERSION = YES;
				CLANG_WARN_CONSTANT_CONVERSION = YES;
				CLANG_WARN_DIRECT_OBJC_ISA_USAGE = YES_ERROR;
				CLANG_WARN_EMPTY_BODY = YES;
				CLANG_WARN_ENUM_CONVERSION = YES;
				CLANG_WARN_INT_CONVERSION = YES;
				CLANG_WARN_OBJC_ROOT_CLASS = YES_ERROR;
				CLANG_WARN_UNREACHABLE_CODE = YES;
				CLANG_WARN__DUPLICATE_METHOD_MATCH = YES;
				"CODE_SIGN_IDENTITY[sdk=iphoneos*]" = "iPhone Developer";
				COPY_PHASE_STRIP = NO;
				DEBUG_INFORMATION_FORMAT = "dwarf-with-dsym";
				ENABLE_NS_ASSERTIONS = NO;
				ENABLE_STRICT_OBJC_MSGSEND = YES;
				GCC_C_LANGUAGE_STANDARD = gnu99;
				GCC_NO_COMMON_BLOCKS = YES;
				GCC_WARN_64_TO_32_BIT_CONVERSION = YES;
				GCC_WARN_ABOUT_RETURN_TYPE = YES_ERROR;
				GCC_WARN_UNDECLARED_SELECTOR = YES;
				GCC_WARN_UNINITIALIZED_AUTOS = YES_AGGRESSIVE;
				GCC_WARN_UNUSED_FUNCTION = YES;
				GCC_WARN_UNUSED_VARIABLE = YES;
				IPHONEOS_DEPLOYMENT_TARGET = 9.2;
				MTL_ENABLE_DEBUG_INFO = NO;
				SDKROOT = iphoneos;
				VALIDATE_PRODUCT = YES;
			};
			name = Release;
		};
		8F270D931C780D8000131FB4 /* Debug */ = {
			isa = XCBuildConfiguration;
			baseConfigurationReference = 66E7D5D3A8041DFF1A3651FA /* Pods.debug.xcconfig */;
			buildSettings = {
				ASSETCATALOG_COMPILER_APPICON_NAME = AppIcon;
				GCC_PREFIX_HEADER = DNSAntiSpoofingExample/DNSAntiSpoofingExample.pch;
				INFOPLIST_FILE = DNSAntiSpoofingExample/Info.plist;
				IPHONEOS_DEPLOYMENT_TARGET = 8.0;
				LD_RUNPATH_SEARCH_PATHS = "$(inherited) @executable_path/Frameworks";
				PRODUCT_BUNDLE_IDENTIFIER = "org.her0n-labs.DNSAntiSpoofingExample";
				PRODUCT_NAME = "$(TARGET_NAME)";
			};
			name = Debug;
		};
		8F270D941C780D8000131FB4 /* Release */ = {
			isa = XCBuildConfiguration;
			baseConfigurationReference = 6FA71EBEDD179CCB5AA3AD5A /* Pods.release.xcconfig */;
			buildSettings = {
				ASSETCATALOG_COMPILER_APPICON_NAME = AppIcon;
				GCC_PREFIX_HEADER = DNSAntiSpoofingExample/DNSAntiSpoofingExample.pch;
				INFOPLIST_FILE = DNSAntiSpoofingExample/Info.plist;
				IPHONEOS_DEPLOYMENT_TARGET = 8.0;
				LD_RUNPATH_SEARCH_PATHS = "$(inherited) @executable_path/Frameworks";
				PRODUCT_BUNDLE_IDENTIFIER = "org.her0n-labs.DNSAntiSpoofingExample";
				PRODUCT_NAME = "$(TARGET_NAME)";
			};
			name = Release;
		};
/* End XCBuildConfiguration section */

/* Begin XCConfigurationList section */
		8F270D761C780D8000131FB4 /* Build configuration list for PBXProject "DNSAntiSpoofingExample" */ = {
			isa = XCConfigurationList;
			buildConfigurations = (
				8F270D901C780D8000131FB4 /* Debug */,
				8F270D911C780D8000131FB4 /* Release */,
			);
			defaultConfigurationIsVisible = 0;
			defaultConfigurationName = Release;
		};
		8F270D921C780D8000131FB4 /* Build configuration list for PBXNativeTarget "DNSAntiSpoofingExample" */ = {
			isa = XCConfigurationList;
			buildConfigurations = (
				8F270D931C780D8000131FB4 /* Debug */,
				8F270D941C780D8000131FB4 /* Release */,
			);
			defaultConfigurationIsVisible = 0;
			defaultConfigurationName = Release;
		};
/* End XCConfigurationList section */
	};
	rootObject = 8F270D731C780D8000131FB4 /* Project object */;
}
